// !$*UTF8*$!
{
	archiveVersion = 1;
	classes = {
	};
	objectVersion = 77;
	objects = {

/* Begin PBXContainerItemProxy section */
		6F4BBA082D8FE05900B3BE42 /* PBXContainerItemProxy */ = {
			isa = PBXContainerItemProxy;
			containerPortal = 6F4BB9EF2D8FE05800B3BE42 /* Project object */;
			proxyType = 1;
			remoteGlobalIDString = 6F4BB9F62D8FE05800B3BE42;
			remoteInfo = CryptoTask;
		};
		6F4BBA122D8FE05900B3BE42 /* PBXContainerItemProxy */ = {
			isa = PBXContainerItemProxy;
			containerPortal = 6F4BB9EF2D8FE05800B3BE42 /* Project object */;
			proxyType = 1;
			remoteGlobalIDString = 6F4BB9F62D8FE05800B3BE42;
			remoteInfo = CryptoTask;
		};
/* End PBXContainerItemProxy section */

/* Begin PBXFileReference section */
		6F4BB9F72D8FE05800B3BE42 /* CryptoTask.app */ = {isa = PBXFileReference; explicitFileType = wrapper.application; includeInIndex = 0; path = CryptoTask.app; sourceTree = BUILT_PRODUCTS_DIR; };
		6F4BBA072D8FE05900B3BE42 /* CryptoTaskTests.xctest */ = {isa = PBXFileReference; explicitFileType = wrapper.cfbundle; includeInIndex = 0; path = CryptoTaskTests.xctest; sourceTree = BUILT_PRODUCTS_DIR; };
		6F4BBA112D8FE05900B3BE42 /* CryptoTaskUITests.xctest */ = {isa = PBXFileReference; explicitFileType = wrapper.cfbundle; includeInIndex = 0; path = CryptoTaskUITests.xctest; sourceTree = BUILT_PRODUCTS_DIR; };
/* End PBXFileReference section */

/* Begin PBXFileSystemSynchronizedRootGroup section */
		6F4BB9F92D8FE05800B3BE42 /* CryptoTask */ = {
			isa = PBXFileSystemSynchronizedRootGroup;
			path = CryptoTask;
			sourceTree = "<group>";
		};
		6F4BBA0A2D8FE05900B3BE42 /* CryptoTaskTests */ = {
			isa = PBXFileSystemSynchronizedRootGroup;
			path = CryptoTaskTests;
			sourceTree = "<group>";
		};
		6F4BBA142D8FE05900B3BE42 /* CryptoTaskUITests */ = {
			isa = PBXFileSystemSynchronizedRootGroup;
			path = CryptoTaskUITests;
			sourceTree = "<group>";
		};
/* End PBXFileSystemSynchronizedRootGroup section */

/* Begin PBXFrameworksBuildPhase section */
		6F4BB9F42D8FE05800B3BE42 /* Frameworks */ = {
			isa = PBXFrameworksBuildPhase;
			buildActionMask = 2147483647;
			files = (
			);
			runOnlyForDeploymentPostprocessing = 0;
		};
		6F4BBA042D8FE05900B3BE42 /* Frameworks */ = {
			isa = PBXFrameworksBuildPhase;
			buildActionMask = 2147483647;
			files = (
			);
			runOnlyForDeploymentPostprocessing = 0;
		};
		6F4BBA0E2D8FE05900B3BE42 /* Frameworks */ = {
			isa = PBXFrameworksBuildPhase;
			buildActionMask = 2147483647;
			files = (
			);
			runOnlyForDeploymentPostprocessing = 0;
		};
/* End PBXFrameworksBuildPhase section */

/* Begin PBXGroup section */
		6F4BB9EE2D8FE05800B3BE42 = {
			isa = PBXGroup;
			children = (
				6F4BB9F92D8FE05800B3BE42 /* CryptoTask */,
				6F4BBA0A2D8FE05900B3BE42 /* CryptoTaskTests */,
				6F4BBA142D8FE05900B3BE42 /* CryptoTaskUITests */,
				6F4BB9F82D8FE05800B3BE42 /* Products */,
			);
			sourceTree = "<group>";
		};
		6F4BB9F82D8FE05800B3BE42 /* Products */ = {
			isa = PBXGroup;
			children = (
				6F4BB9F72D8FE05800B3BE42 /* CryptoTask.app */,
				6F4BBA072D8FE05900B3BE42 /* CryptoTaskTests.xctest */,
				6F4BBA112D8FE05900B3BE42 /* CryptoTaskUITests.xctest */,
			);
			name = Products;
			sourceTree = "<group>";
		};
/* End PBXGroup section */

/* Begin PBXNativeTarget section */
		6F4BB9F62D8FE05800B3BE42 /* CryptoTask */ = {
			isa = PBXNativeTarget;
			buildConfigurationList = 6F4BBA1B2D8FE05900B3BE42 /* Build configuration list for PBXNativeTarget "CryptoTask" */;
			buildPhases = (
				6F4BB9F32D8FE05800B3BE42 /* Sources */,
				6F4BB9F42D8FE05800B3BE42 /* Frameworks */,
				6F4BB9F52D8FE05800B3BE42 /* Resources */,
			);
			buildRules = (
			);
			dependencies = (
			);
			fileSystemSynchronizedGroups = (
				6F4BB9F92D8FE05800B3BE42 /* CryptoTask */,
			);
			name = CryptoTask;
			packageProductDependencies = (
			);
			productName = CryptoTask;
			productReference = 6F4BB9F72D8FE05800B3BE42 /* CryptoTask.app */;
			productType = "com.apple.product-type.application";
		};
		6F4BBA062D8FE05900B3BE42 /* CryptoTaskTests */ = {
			isa = PBXNativeTarget;
			buildConfigurationList = 6F4BBA1E2D8FE05900B3BE42 /* Build configuration list for PBXNativeTarget "CryptoTaskTests" */;
			buildPhases = (
				6F4BBA032D8FE05900B3BE42 /* Sources */,
				6F4BBA042D8FE05900B3BE42 /* Frameworks */,
				6F4BBA052D8FE05900B3BE42 /* Resources */,
			);
			buildRules = (
			);
			dependencies = (
				6F4BBA092D8FE05900B3BE42 /* PBXTargetDependency */,
			);
			fileSystemSynchronizedGroups = (
				6F4BBA0A2D8FE05900B3BE42 /* CryptoTaskTests */,
			);
			name = CryptoTaskTests;
			packageProductDependencies = (
			);
			productName = CryptoTaskTests;
			productReference = 6F4BBA072D8FE05900B3BE42 /* CryptoTaskTests.xctest */;
			productType = "com.apple.product-type.bundle.unit-test";
		};
		6F4BBA102D8FE05900B3BE42 /* CryptoTaskUITests */ = {
			isa = PBXNativeTarget;
			buildConfigurationList = 6F4BBA212D8FE05900B3BE42 /* Build configuration list for PBXNativeTarget "CryptoTaskUITests" */;
			buildPhases = (
				6F4BBA0D2D8FE05900B3BE42 /* Sources */,
				6F4BBA0E2D8FE05900B3BE42 /* Frameworks */,
				6F4BBA0F2D8FE05900B3BE42 /* Resources */,
			);
			buildRules = (
			);
			dependencies = (
				6F4BBA132D8FE05900B3BE42 /* PBXTargetDependency */,
			);
			fileSystemSynchronizedGroups = (
				6F4BBA142D8FE05900B3BE42 /* CryptoTaskUITests */,
			);
			name = CryptoTaskUITests;
			packageProductDependencies = (
			);
			productName = CryptoTaskUITests;
			productReference = 6F4BBA112D8FE05900B3BE42 /* CryptoTaskUITests.xctest */;
			productType = "com.apple.product-type.bundle.ui-testing";
		};
/* End PBXNativeTarget section */

/* Begin PBXProject section */
		6F4BB9EF2D8FE05800B3BE42 /* Project object */ = {
			isa = PBXProject;
			attributes = {
				BuildIndependentTargetsInParallel = 1;
				LastSwiftUpdateCheck = 1620;
				LastUpgradeCheck = 1620;
				TargetAttributes = {
					6F4BB9F62D8FE05800B3BE42 = {
						CreatedOnToolsVersion = 16.2;
					};
					6F4BBA062D8FE05900B3BE42 = {
						CreatedOnToolsVersion = 16.2;
						TestTargetID = 6F4BB9F62D8FE05800B3BE42;
					};
					6F4BBA102D8FE05900B3BE42 = {
						CreatedOnToolsVersion = 16.2;
						TestTargetID = 6F4BB9F62D8FE05800B3BE42;
					};
				};
			};
			buildConfigurationList = 6F4BB9F22D8FE05800B3BE42 /* Build configuration list for PBXProject "CryptoTask" */;
			developmentRegion = en;
			hasScannedForEncodings = 0;
			knownRegions = (
				en,
				Base,
			);
			mainGroup = 6F4BB9EE2D8FE05800B3BE42;
			minimizedProjectReferenceProxies = 1;
			preferredProjectObjectVersion = 77;
			productRefGroup = 6F4BB9F82D8FE05800B3BE42 /* Products */;
			projectDirPath = "";
			projectRoot = "";
			targets = (
				6F4BB9F62D8FE05800B3BE42 /* CryptoTask */,
				6F4BBA062D8FE05900B3BE42 /* CryptoTaskTests */,
				6F4BBA102D8FE05900B3BE42 /* CryptoTaskUITests */,
			);
		};
/* End PBXProject section */

/* Begin PBXResourcesBuildPhase section */
		6F4BB9F52D8FE05800B3BE42 /* Resources */ = {
			isa = PBXResourcesBuildPhase;
			buildActionMask = 2147483647;
			files = (
			);
			runOnlyForDeploymentPostprocessing = 0;
		};
		6F4BBA052D8FE05900B3BE42 /* Resources */ = {
			isa = PBXResourcesBuildPhase;
			buildActionMask = 2147483647;
			files = (
			);
			runOnlyForDeploymentPostprocessing = 0;
		};
		6F4BBA0F2D8FE05900B3BE42 /* Resources */ = {
			isa = PBXResourcesBuildPhase;
			buildActionMask = 2147483647;
			files = (
			);
			runOnlyForDeploymentPostprocessing = 0;
		};
/* End PBXResourcesBuildPhase section */

/* Begin PBXSourcesBuildPhase section */
		6F4BB9F32D8FE05800B3BE42 /* Sources */ = {
			isa = PBXSourcesBuildPhase;
			buildActionMask = 2147483647;
			files = (
			);
			runOnlyForDeploymentPostprocessing = 0;
		};
		6F4BBA032D8FE05900B3BE42 /* Sources */ = {
			isa = PBXSourcesBuildPhase;
			buildActionMask = 2147483647;
			files = (
			);
			runOnlyForDeploymentPostprocessing = 0;
		};
		6F4BBA0D2D8FE05900B3BE42 /* Sources */ = {
			isa = PBXSourcesBuildPhase;
			buildActionMask = 2147483647;
			files = (
			);
			runOnlyForDeploymentPostprocessing = 0;
		};
/* End PBXSourcesBuildPhase section */

/* Begin PBXTargetDependency section */
		6F4BBA092D8FE05900B3BE42 /* PBXTargetDependency */ = {
			isa = PBXTargetDependency;
			target = 6F4BB9F62D8FE05800B3BE42 /* CryptoTask */;
			targetProxy = 6F4BBA082D8FE05900B3BE42 /* PBXContainerItemProxy */;
		};
		6F4BBA132D8FE05900B3BE42 /* PBXTargetDependency */ = {
			isa = PBXTargetDependency;
			target = 6F4BB9F62D8FE05800B3BE42 /* CryptoTask */;
			targetProxy = 6F4BBA122D8FE05900B3BE42 /* PBXContainerItemProxy */;
		};
/* End PBXTargetDependency section */

/* Begin XCBuildConfiguration section */
		6F4BBA192D8FE05900B3BE42 /* Debug */ = {
			isa = XCBuildConfiguration;
			buildSettings = {
				ALWAYS_SEARCH_USER_PATHS = NO;
				ASSETCATALOG_COMPILER_GENERATE_SWIFT_ASSET_SYMBOL_EXTENSIONS = YES;
				CLANG_ANALYZER_NONNULL = YES;
				CLANG_ANALYZER_NUMBER_OBJECT_CONVERSION = YES_AGGRESSIVE;
				CLANG_CXX_LANGUAGE_STANDARD = "gnu++20";
				CLANG_ENABLE_MODULES = YES;
				CLANG_ENABLE_OBJC_ARC = YES;
				CLANG_ENABLE_OBJC_WEAK = YES;
				CLANG_WARN_BLOCK_CAPTURE_AUTORELEASING = YES;
				CLANG_WARN_BOOL_CONVERSION = YES;
				CLANG_WARN_COMMA = YES;
				CLANG_WARN_CONSTANT_CONVERSION = YES;
				CLANG_WARN_DEPRECATED_OBJC_IMPLEMENTATIONS = YES;
				CLANG_WARN_DIRECT_OBJC_ISA_USAGE = YES_ERROR;
				CLANG_WARN_DOCUMENTATION_COMMENTS = YES;
				CLANG_WARN_EMPTY_BODY = YES;
				CLANG_WARN_ENUM_CONVERSION = YES;
				CLANG_WARN_INFINITE_RECURSION = YES;
				CLANG_WARN_INT_CONVERSION = YES;
				CLANG_WARN_NON_LITERAL_NULL_CONVERSION = YES;
				CLANG_WARN_OBJC_IMPLICIT_RETAIN_SELF = YES;
				CLANG_WARN_OBJC_LITERAL_CONVERSION = YES;
				CLANG_WARN_OBJC_ROOT_CLASS = YES_ERROR;
				CLANG_WARN_QUOTED_INCLUDE_IN_FRAMEWORK_HEADER = YES;
				CLANG_WARN_RANGE_LOOP_ANALYSIS = YES;
				CLANG_WARN_STRICT_PROTOTYPES = YES;
				CLANG_WARN_SUSPICIOUS_MOVE = YES;
				CLANG_WARN_UNGUARDED_AVAILABILITY = YES_AGGRESSIVE;
				CLANG_WARN_UNREACHABLE_CODE = YES;
				CLANG_WARN__DUPLICATE_METHOD_MATCH = YES;
				COPY_PHASE_STRIP = NO;
				DEBUG_INFORMATION_FORMAT = dwarf;
				ENABLE_STRICT_OBJC_MSGSEND = YES;
				ENABLE_TESTABILITY = YES;
				ENABLE_USER_SCRIPT_SANDBOXING = YES;
				GCC_C_LANGUAGE_STANDARD = gnu17;
				GCC_DYNAMIC_NO_PIC = NO;
				GCC_NO_COMMON_BLOCKS = YES;
				GCC_OPTIMIZATION_LEVEL = 0;
				GCC_PREPROCESSOR_DEFINITIONS = (
					"DEBUG=1",
					"$(inherited)",
				);
				GCC_WARN_64_TO_32_BIT_CONVERSION = YES;
				GCC_WARN_ABOUT_RETURN_TYPE = YES_ERROR;
				GCC_WARN_UNDECLARED_SELECTOR = YES;
				GCC_WARN_UNINITIALIZED_AUTOS = YES_AGGRESSIVE;
				GCC_WARN_UNUSED_FUNCTION = YES;
				GCC_WARN_UNUSED_VARIABLE = YES;
				IPHONEOS_DEPLOYMENT_TARGET = 18.2;
				LOCALIZATION_PREFERS_STRING_CATALOGS = YES;
				MTL_ENABLE_DEBUG_INFO = INCLUDE_SOURCE;
				MTL_FAST_MATH = YES;
				ONLY_ACTIVE_ARCH = YES;
				SDKROOT = iphoneos;
				SWIFT_ACTIVE_COMPILATION_CONDITIONS = "DEBUG $(inherited)";
				SWIFT_OPTIMIZATION_LEVEL = "-Onone";
			};
			name = Debug;
		};
		6F4BBA1A2D8FE05900B3BE42 /* Release */ = {
			isa = XCBuildConfiguration;
			buildSettings = {
				ALWAYS_SEARCH_USER_PATHS = NO;
				ASSETCATALOG_COMPILER_GENERATE_SWIFT_ASSET_SYMBOL_EXTENSIONS = YES;
				CLANG_ANALYZER_NONNULL = YES;
				CLANG_ANALYZER_NUMBER_OBJECT_CONVERSION = YES_AGGRESSIVE;
				CLANG_CXX_LANGUAGE_STANDARD = "gnu++20";
				CLANG_ENABLE_MODULES = YES;
				CLANG_ENABLE_OBJC_ARC = YES;
				CLANG_ENABLE_OBJC_WEAK = YES;
				CLANG_WARN_BLOCK_CAPTURE_AUTORELEASING = YES;
				CLANG_WARN_BOOL_CONVERSION = YES;
				CLANG_WARN_COMMA = YES;
				CLANG_WARN_CONSTANT_CONVERSION = YES;
				CLANG_WARN_DEPRECATED_OBJC_IMPLEMENTATIONS = YES;
				CLANG_WARN_DIRECT_OBJC_ISA_USAGE = YES_ERROR;
				CLANG_WARN_DOCUMENTATION_COMMENTS = YES;
				CLANG_WARN_EMPTY_BODY = YES;
				CLANG_WARN_ENUM_CONVERSION = YES;
				CLANG_WARN_INFINITE_RECURSION = YES;
				CLANG_WARN_INT_CONVERSION = YES;
				CLANG_WARN_NON_LITERAL_NULL_CONVERSION = YES;
				CLANG_WARN_OBJC_IMPLICIT_RETAIN_SELF = YES;
				CLANG_WARN_OBJC_LITERAL_CONVERSION = YES;
				CLANG_WARN_OBJC_ROOT_CLASS = YES_ERROR;
				CLANG_WARN_QUOTED_INCLUDE_IN_FRAMEWORK_HEADER = YES;
				CLANG_WARN_RANGE_LOOP_ANALYSIS = YES;
				CLANG_WARN_STRICT_PROTOTYPES = YES;
				CLANG_WARN_SUSPICIOUS_MOVE = YES;
				CLANG_WARN_UNGUARDED_AVAILABILITY = YES_AGGRESSIVE;
				CLANG_WARN_UNREACHABLE_CODE = YES;
				CLANG_WARN__DUPLICATE_METHOD_MATCH = YES;
				COPY_PHASE_STRIP = NO;
				DEBUG_INFORMATION_FORMAT = "dwarf-with-dsym";
				ENABLE_NS_ASSERTIONS = NO;
				ENABLE_STRICT_OBJC_MSGSEND = YES;
				ENABLE_USER_SCRIPT_SANDBOXING = YES;
				GCC_C_LANGUAGE_STANDARD = gnu17;
				GCC_NO_COMMON_BLOCKS = YES;
				GCC_WARN_64_TO_32_BIT_CONVERSION = YES;
				GCC_WARN_ABOUT_RETURN_TYPE = YES_ERROR;
				GCC_WARN_UNDECLARED_SELECTOR = YES;
				GCC_WARN_UNINITIALIZED_AUTOS = YES_AGGRESSIVE;
				GCC_WARN_UNUSED_FUNCTION = YES;
				GCC_WARN_UNUSED_VARIABLE = YES;
				IPHONEOS_DEPLOYMENT_TARGET = 18.2;
				LOCALIZATION_PREFERS_STRING_CATALOGS = YES;
				MTL_ENABLE_DEBUG_INFO = NO;
				MTL_FAST_MATH = YES;
				SDKROOT = iphoneos;
				SWIFT_COMPILATION_MODE = wholemodule;
				VALIDATE_PRODUCT = YES;
			};
			name = Release;
		};
		6F4BBA1C2D8FE05900B3BE42 /* Debug */ = {
			isa = XCBuildConfiguration;
			buildSettings = {
				ASSETCATALOG_COMPILER_APPICON_NAME = AppIcon;
				ASSETCATALOG_COMPILER_GLOBAL_ACCENT_COLOR_NAME = AccentColor;
				CODE_SIGN_STYLE = Automatic;
				CURRENT_PROJECT_VERSION = 1;
				DEVELOPMENT_ASSET_PATHS = "\"CryptoTask/Preview Content\"";
				DEVELOPMENT_TEAM = DSTBXQABTZ;
				ENABLE_PREVIEWS = YES;
				GENERATE_INFOPLIST_FILE = YES;
				INFOPLIST_KEY_UIApplicationSceneManifest_Generation = YES;
				INFOPLIST_KEY_UIApplicationSupportsIndirectInputEvents = YES;
				INFOPLIST_KEY_UILaunchScreen_Generation = YES;
				INFOPLIST_KEY_UISupportedInterfaceOrientations_iPad = "UIInterfaceOrientationPortrait UIInterfaceOrientationPortraitUpsideDown UIInterfaceOrientationLandscapeLeft UIInterfaceOrientationLandscapeRight";
				INFOPLIST_KEY_UISupportedInterfaceOrientations_iPhone = "UIInterfaceOrientationPortrait UIInterfaceOrientationLandscapeLeft UIInterfaceOrientationLandscapeRight";
				IPHONEOS_DEPLOYMENT_TARGET = 17.6;
				LD_RUNPATH_SEARCH_PATHS = (
					"$(inherited)",
					"@executable_path/Frameworks",
				);
				MARKETING_VERSION = 1.0;
				PRODUCT_BUNDLE_IDENTIFIER = DK.CryptoTask;
				PRODUCT_NAME = "$(TARGET_NAME)";
				SWIFT_EMIT_LOC_STRINGS = YES;
				SWIFT_VERSION = 5.0;
				TARGETED_DEVICE_FAMILY = "1,2";
			};
			name = Debug;
		};
		6F4BBA1D2D8FE05900B3BE42 /* Release */ = {
			isa = XCBuildConfiguration;
			buildSettings = {
				ASSETCATALOG_COMPILER_APPICON_NAME = AppIcon;
				ASSETCATALOG_COMPILER_GLOBAL_ACCENT_COLOR_NAME = AccentColor;
				CODE_SIGN_STYLE = Automatic;
				CURRENT_PROJECT_VERSION = 1;
				DEVELOPMENT_ASSET_PATHS = "\"CryptoTask/Preview Content\"";
				DEVELOPMENT_TEAM = DSTBXQABTZ;
				ENABLE_PREVIEWS = YES;
				GENERATE_INFOPLIST_FILE = YES;
				INFOPLIST_KEY_UIApplicationSceneManifest_Generation = YES;
				INFOPLIST_KEY_UIApplicationSupportsIndirectInputEvents = YES;
				INFOPLIST_KEY_UILaunchScreen_Generation = YES;
				INFOPLIST_KEY_UISupportedInterfaceOrientations_iPad = "UIInterfaceOrientationPortrait UIInterfaceOrientationPortraitUpsideDown UIInterfaceOrientationLandscapeLeft UIInterfaceOrientationLandscapeRight";
				INFOPLIST_KEY_UISupportedInterfaceOrientations_iPhone = "UIInterfaceOrientationPortrait UIInterfaceOrientationLandscapeLeft UIInterfaceOrientationLandscapeRight";
				IPHONEOS_DEPLOYMENT_TARGET = 17.6;
				LD_RUNPATH_SEARCH_PATHS = (
					"$(inherited)",
					"@executable_path/Frameworks",
				);
				MARKETING_VERSION = 1.0;
				PRODUCT_BUNDLE_IDENTIFIER = DK.CryptoTask;
				PRODUCT_NAME = "$(TARGET_NAME)";
				SWIFT_EMIT_LOC_STRINGS = YES;
				SWIFT_VERSION = 5.0;
				TARGETED_DEVICE_FAMILY = "1,2";
			};
			name = Release;
		};
		6F4BBA1F2D8FE05900B3BE42 /* Debug */ = {
			isa = XCBuildConfiguration;
			buildSettings = {
				BUNDLE_LOADER = "$(TEST_HOST)";
				CODE_SIGN_STYLE = Automatic;
				CURRENT_PROJECT_VERSION = 1;
				DEVELOPMENT_TEAM = DSTBXQABTZ;
				GENERATE_INFOPLIST_FILE = YES;
				IPHONEOS_DEPLOYMENT_TARGET = 18.2;
				MARKETING_VERSION = 1.0;
				PRODUCT_BUNDLE_IDENTIFIER = DK.CryptoTaskTests;
				PRODUCT_NAME = "$(TARGET_NAME)";
				SWIFT_EMIT_LOC_STRINGS = NO;
				SWIFT_VERSION = 5.0;
				TARGETED_DEVICE_FAMILY = "1,2";
				TEST_HOST = "$(BUILT_PRODUCTS_DIR)/CryptoTask.app/$(BUNDLE_EXECUTABLE_FOLDER_PATH)/CryptoTask";
			};
			name = Debug;
		};
		6F4BBA202D8FE05900B3BE42 /* Release */ = {
			isa = XCBuildConfiguration;
			buildSettings = {
				BUNDLE_LOADER = "$(TEST_HOST)";
				CODE_SIGN_STYLE = Automatic;
				CURRENT_PROJECT_VERSION = 1;
				DEVELOPMENT_TEAM = DSTBXQABTZ;
				GENERATE_INFOPLIST_FILE = YES;
				IPHONEOS_DEPLOYMENT_TARGET = 18.2;
				MARKETING_VERSION = 1.0;
				PRODUCT_BUNDLE_IDENTIFIER = DK.CryptoTaskTests;
				PRODUCT_NAME = "$(TARGET_NAME)";
				SWIFT_EMIT_LOC_STRINGS = NO;
				SWIFT_VERSION = 5.0;
				TARGETED_DEVICE_FAMILY = "1,2";
				TEST_HOST = "$(BUILT_PRODUCTS_DIR)/CryptoTask.app/$(BUNDLE_EXECUTABLE_FOLDER_PATH)/CryptoTask";
			};
			name = Release;
		};
		6F4BBA222D8FE05900B3BE42 /* Debug */ = {
			isa = XCBuildConfiguration;
			buildSettings = {
				CODE_SIGN_STYLE = Automatic;
				CURRENT_PROJECT_VERSION = 1;
				DEVELOPMENT_TEAM = DSTBXQABTZ;
				GENERATE_INFOPLIST_FILE = YES;
				MARKETING_VERSION = 1.0;
				PRODUCT_BUNDLE_IDENTIFIER = DK.CryptoTaskUITests;
				PRODUCT_NAME = "$(TARGET_NAME)";
				SWIFT_EMIT_LOC_STRINGS = NO;
				SWIFT_VERSION = 5.0;
				TARGETED_DEVICE_FAMILY = "1,2";
				TEST_TARGET_NAME = CryptoTask;
			};
			name = Debug;
		};
		6F4BBA232D8FE05900B3BE42 /* Release */ = {
			isa = XCBuildConfiguration;
			buildSettings = {
				CODE_SIGN_STYLE = Automatic;
				CURRENT_PROJECT_VERSION = 1;
				DEVELOPMENT_TEAM = DSTBXQABTZ;
				GENERATE_INFOPLIST_FILE = YES;
				MARKETING_VERSION = 1.0;
				PRODUCT_BUNDLE_IDENTIFIER = DK.CryptoTaskUITests;
				PRODUCT_NAME = "$(TARGET_NAME)";
				SWIFT_EMIT_LOC_STRINGS = NO;
				SWIFT_VERSION = 5.0;
				TARGETED_DEVICE_FAMILY = "1,2";
				TEST_TARGET_NAME = CryptoTask;
			};
			name = Release;
		};
/* End XCBuildConfiguration section */

/* Begin XCConfigurationList section */
		6F4BB9F22D8FE05800B3BE42 /* Build configuration list for PBXProject "CryptoTask" */ = {
			isa = XCConfigurationList;
			buildConfigurations = (
				6F4BBA192D8FE05900B3BE42 /* Debug */,
				6F4BBA1A2D8FE05900B3BE42 /* Release */,
			);
			defaultConfigurationIsVisible = 0;
			defaultConfigurationName = Release;
		};
		6F4BBA1B2D8FE05900B3BE42 /* Build configuration list for PBXNativeTarget "CryptoTask" */ = {
			isa = XCConfigurationList;
			buildConfigurations = (
				6F4BBA1C2D8FE05900B3BE42 /* Debug */,
				6F4BBA1D2D8FE05900B3BE42 /* Release */,
			);
			defaultConfigurationIsVisible = 0;
			defaultConfigurationName = Release;
		};
		6F4BBA1E2D8FE05900B3BE42 /* Build configuration list for PBXNativeTarget "CryptoTaskTests" */ = {
			isa = XCConfigurationList;
			buildConfigurations = (
				6F4BBA1F2D8FE05900B3BE42 /* Debug */,
				6F4BBA202D8FE05900B3BE42 /* Release */,
			);
			defaultConfigurationIsVisible = 0;
			defaultConfigurationName = Release;
		};
		6F4BBA212D8FE05900B3BE42 /* Build configuration list for PBXNativeTarget "CryptoTaskUITests" */ = {
			isa = XCConfigurationList;
			buildConfigurations = (
				6F4BBA222D8FE05900B3BE42 /* Debug */,
				6F4BBA232D8FE05900B3BE42 /* Release */,
			);
			defaultConfigurationIsVisible = 0;
			defaultConfigurationName = Release;
		};
/* End XCConfigurationList section */
	};
	rootObject = 6F4BB9EF2D8FE05800B3BE42 /* Project object */;
}
